// !$*UTF8*$!
{
	archiveVersion = 1;
	classes = {
	};
	objectVersion = 46;
	objects = {

/* Begin PBXBuildFile section */
		791668D71B72999D00B12A7F /* SwiftyJSON.framework in Frameworks */ = {isa = PBXBuildFile; fileRef = 791668D01B72992D00B12A7F /* SwiftyJSON.framework */; };
		791668D81B7299D700B12A7F /* SwiftyJSON.framework in Embed Frameworks */ = {isa = PBXBuildFile; fileRef = 791668D01B72992D00B12A7F /* SwiftyJSON.framework */; settings = {ATTRIBUTES = (CodeSignOnCopy, RemoveHeadersOnCopy, ); }; };
		791668DB1B72B36A00B12A7F /* ENSideMenu.swift in Sources */ = {isa = PBXBuildFile; fileRef = 791668D91B72B36A00B12A7F /* ENSideMenu.swift */; };
		791668DC1B72B36A00B12A7F /* ENSideMenuNavigationController.swift in Sources */ = {isa = PBXBuildFile; fileRef = 791668DA1B72B36A00B12A7F /* ENSideMenuNavigationController.swift */; };
		791668DE1B72B3CA00B12A7F /* MenuNavigationController.swift in Sources */ = {isa = PBXBuildFile; fileRef = 791668DD1B72B3CA00B12A7F /* MenuNavigationController.swift */; };
		791668E21B72B88E00B12A7F /* MenuViewController.xib in Resources */ = {isa = PBXBuildFile; fileRef = 791668E11B72B88E00B12A7F /* MenuViewController.xib */; };
		791668E51B72BA2D00B12A7F /* MenuViewController.swift in Sources */ = {isa = PBXBuildFile; fileRef = 791668E41B72BA2D00B12A7F /* MenuViewController.swift */; };
		791668EA1B72C23D00B12A7F /* PersonPresenter.swift in Sources */ = {isa = PBXBuildFile; fileRef = 791668E91B72C23D00B12A7F /* PersonPresenter.swift */; };
		791668ED1B72C8D800B12A7F /* PersonViewObject.swift in Sources */ = {isa = PBXBuildFile; fileRef = 791668EC1B72C8D800B12A7F /* PersonViewObject.swift */; };
		795406D61B719186002F6460 /* AppDelegate.swift in Sources */ = {isa = PBXBuildFile; fileRef = 795406D51B719186002F6460 /* AppDelegate.swift */; };
		795406DD1B719186002F6460 /* Main.storyboard in Resources */ = {isa = PBXBuildFile; fileRef = 795406DB1B719186002F6460 /* Main.storyboard */; };
		795406DF1B719186002F6460 /* Images.xcassets in Resources */ = {isa = PBXBuildFile; fileRef = 795406DE1B719186002F6460 /* Images.xcassets */; };
		795406E21B719186002F6460 /* LaunchScreen.xib in Resources */ = {isa = PBXBuildFile; fileRef = 795406E01B719186002F6460 /* LaunchScreen.xib */; };
		795406FE1B7192C7002F6460 /* User.swift in Sources */ = {isa = PBXBuildFile; fileRef = 795406FD1B7192C7002F6460 /* User.swift */; };
		795407021B7192E8002F6460 /* PersonDetailViewController.swift in Sources */ = {isa = PBXBuildFile; fileRef = 795407011B7192E8002F6460 /* PersonDetailViewController.swift */; };
		795407041B7192FB002F6460 /* PersonCell.swift in Sources */ = {isa = PBXBuildFile; fileRef = 795407031B7192FB002F6460 /* PersonCell.swift */; };
		795407061B719327002F6460 /* PersonListViewController.swift in Sources */ = {isa = PBXBuildFile; fileRef = 795407051B719327002F6460 /* PersonListViewController.swift */; };
		7954070C1B7276B1002F6460 /* PersonService.swift in Sources */ = {isa = PBXBuildFile; fileRef = 7954070B1B7276B1002F6460 /* PersonService.swift */; };
		795407271B727ABE002F6460 /* Alamofire.framework in Frameworks */ = {isa = PBXBuildFile; fileRef = 795407161B727990002F6460 /* Alamofire.framework */; };
		795407281B727ABE002F6460 /* Alamofire.framework in Embed Frameworks */ = {isa = PBXBuildFile; fileRef = 795407161B727990002F6460 /* Alamofire.framework */; settings = {ATTRIBUTES = (CodeSignOnCopy, RemoveHeadersOnCopy, ); }; };
		7954072D1B72861B002F6460 /* Location.swift in Sources */ = {isa = PBXBuildFile; fileRef = 7954072C1B72861B002F6460 /* Location.swift */; };
		7954072F1B72862B002F6460 /* Name.swift in Sources */ = {isa = PBXBuildFile; fileRef = 7954072E1B72862B002F6460 /* Name.swift */; };
		795407311B728636002F6460 /* Picture.swift in Sources */ = {isa = PBXBuildFile; fileRef = 795407301B728636002F6460 /* Picture.swift */; };
		795407341B728892002F6460 /* ResponseObjectSerializable.swift in Sources */ = {isa = PBXBuildFile; fileRef = 795407331B728892002F6460 /* ResponseObjectSerializable.swift */; };
		795407361B7288DF002F6460 /* ResponseCollectionSerializable.swift in Sources */ = {isa = PBXBuildFile; fileRef = 795407351B7288DF002F6460 /* ResponseCollectionSerializable.swift */; };
		79B490C51B72D6B300CB6618 /* UIImageViewAsync.swift in Sources */ = {isa = PBXBuildFile; fileRef = 79B490C41B72D6B300CB6618 /* UIImageViewAsync.swift */; };
/* End PBXBuildFile section */

/* Begin PBXContainerItemProxy section */
		791668CF1B72992D00B12A7F /* PBXContainerItemProxy */ = {
			isa = PBXContainerItemProxy;
			containerPortal = 791668C51B72992D00B12A7F /* SwiftyJSON.xcodeproj */;
			proxyType = 2;
			remoteGlobalIDString = 2E4FEFDB19575BE100351305;
			remoteInfo = "SwiftyJSON iOS";
		};
		791668D11B72992D00B12A7F /* PBXContainerItemProxy */ = {
			isa = PBXContainerItemProxy;
			containerPortal = 791668C51B72992D00B12A7F /* SwiftyJSON.xcodeproj */;
			proxyType = 2;
			remoteGlobalIDString = 2E4FEFE619575BE100351305;
			remoteInfo = "SwiftyJSON iOS Tests";
		};
		791668D31B72992D00B12A7F /* PBXContainerItemProxy */ = {
			isa = PBXContainerItemProxy;
			containerPortal = 791668C51B72992D00B12A7F /* SwiftyJSON.xcodeproj */;
			proxyType = 2;
			remoteGlobalIDString = 9C7DFC5B1A9102BD005AA3F7;
			remoteInfo = "SwiftyJSON OSX";
		};
		791668D51B72992D00B12A7F /* PBXContainerItemProxy */ = {
			isa = PBXContainerItemProxy;
			containerPortal = 791668C51B72992D00B12A7F /* SwiftyJSON.xcodeproj */;
			proxyType = 2;
			remoteGlobalIDString = 9C7DFC651A9102BD005AA3F7;
			remoteInfo = "SwiftyJSON OSX Tests";
		};
		795407151B727990002F6460 /* PBXContainerItemProxy */ = {
			isa = PBXContainerItemProxy;
			containerPortal = 7954070E1B727990002F6460 /* Alamofire.xcodeproj */;
			proxyType = 2;
			remoteGlobalIDString = F8111E3319A95C8B0040E7D1;
			remoteInfo = "Alamofire iOS";
		};
		795407171B727990002F6460 /* PBXContainerItemProxy */ = {
			isa = PBXContainerItemProxy;
			containerPortal = 7954070E1B727990002F6460 /* Alamofire.xcodeproj */;
			proxyType = 2;
			remoteGlobalIDString = 4DD67C0B1A5C55C900ED2280;
			remoteInfo = "Alamofire OSX";
		};
		795407191B727990002F6460 /* PBXContainerItemProxy */ = {
			isa = PBXContainerItemProxy;
			containerPortal = 7954070E1B727990002F6460 /* Alamofire.xcodeproj */;
			proxyType = 2;
			remoteGlobalIDString = F8111E3E19A95C8B0040E7D1;
			remoteInfo = "Alamofire iOS Tests";
		};
		7954071B1B727990002F6460 /* PBXContainerItemProxy */ = {
			isa = PBXContainerItemProxy;
			containerPortal = 7954070E1B727990002F6460 /* Alamofire.xcodeproj */;
			proxyType = 2;
			remoteGlobalIDString = F829C6B21A7A94F100A2CD59;
			remoteInfo = "Alamofire OSX Tests";
		};
		795407291B727ABE002F6460 /* PBXContainerItemProxy */ = {
			isa = PBXContainerItemProxy;
			containerPortal = 7954070E1B727990002F6460 /* Alamofire.xcodeproj */;
			proxyType = 1;
			remoteGlobalIDString = F8111E3219A95C8B0040E7D1;
			remoteInfo = "Alamofire iOS";
		};
/* End PBXContainerItemProxy section */

/* Begin PBXCopyFilesBuildPhase section */
		7954072B1B727ABE002F6460 /* Embed Frameworks */ = {
			isa = PBXCopyFilesBuildPhase;
			buildActionMask = 2147483647;
			dstPath = "";
			dstSubfolderSpec = 10;
			files = (
				791668D81B7299D700B12A7F /* SwiftyJSON.framework in Embed Frameworks */,
				795407281B727ABE002F6460 /* Alamofire.framework in Embed Frameworks */,
			);
			name = "Embed Frameworks";
			runOnlyForDeploymentPostprocessing = 0;
		};
/* End PBXCopyFilesBuildPhase section */

/* Begin PBXFileReference section */
		0062876318259A6408B0858D /* Pods-ios-challengeTests.release.xcconfig */ = {isa = PBXFileReference; includeInIndex = 1; lastKnownFileType = text.xcconfig; name = "Pods-ios-challengeTests.release.xcconfig"; path = "Pods/Target Support Files/Pods-ios-challengeTests/Pods-ios-challengeTests.release.xcconfig"; sourceTree = "<group>"; };
		65B557573569D84F59FA66EC /* Pods-ios-challengeTests.debug.xcconfig */ = {isa = PBXFileReference; includeInIndex = 1; lastKnownFileType = text.xcconfig; name = "Pods-ios-challengeTests.debug.xcconfig"; path = "Pods/Target Support Files/Pods-ios-challengeTests/Pods-ios-challengeTests.debug.xcconfig"; sourceTree = "<group>"; };
		791668C51B72992D00B12A7F /* SwiftyJSON.xcodeproj */ = {isa = PBXFileReference; lastKnownFileType = "wrapper.pb-project"; name = SwiftyJSON.xcodeproj; path = SwiftyJSON/SwiftyJSON.xcodeproj; sourceTree = "<group>"; };
		791668D91B72B36A00B12A7F /* ENSideMenu.swift */ = {isa = PBXFileReference; fileEncoding = 4; lastKnownFileType = sourcecode.swift; name = ENSideMenu.swift; path = ../Views/ENSideMenu.swift; sourceTree = "<group>"; };
		791668DA1B72B36A00B12A7F /* ENSideMenuNavigationController.swift */ = {isa = PBXFileReference; fileEncoding = 4; lastKnownFileType = sourcecode.swift; name = ENSideMenuNavigationController.swift; path = ../Views/ENSideMenuNavigationController.swift; sourceTree = "<group>"; };
		791668DD1B72B3CA00B12A7F /* MenuNavigationController.swift */ = {isa = PBXFileReference; fileEncoding = 4; lastKnownFileType = sourcecode.swift; path = MenuNavigationController.swift; sourceTree = "<group>"; };
		791668E11B72B88E00B12A7F /* MenuViewController.xib */ = {isa = PBXFileReference; fileEncoding = 4; lastKnownFileType = file.xib; path = MenuViewController.xib; sourceTree = "<group>"; };
		791668E41B72BA2D00B12A7F /* MenuViewController.swift */ = {isa = PBXFileReference; fileEncoding = 4; lastKnownFileType = sourcecode.swift; path = MenuViewController.swift; sourceTree = "<group>"; };
		791668E91B72C23D00B12A7F /* PersonPresenter.swift */ = {isa = PBXFileReference; fileEncoding = 4; lastKnownFileType = sourcecode.swift; path = PersonPresenter.swift; sourceTree = "<group>"; };
		791668EC1B72C8D800B12A7F /* PersonViewObject.swift */ = {isa = PBXFileReference; fileEncoding = 4; lastKnownFileType = sourcecode.swift; path = PersonViewObject.swift; sourceTree = "<group>"; };
		795406D01B719186002F6460 /* ios-challenge.app */ = {isa = PBXFileReference; explicitFileType = wrapper.application; includeInIndex = 0; path = "ios-challenge.app"; sourceTree = BUILT_PRODUCTS_DIR; };
		795406D41B719186002F6460 /* Info.plist */ = {isa = PBXFileReference; lastKnownFileType = text.plist.xml; path = Info.plist; sourceTree = "<group>"; };
		795406D51B719186002F6460 /* AppDelegate.swift */ = {isa = PBXFileReference; lastKnownFileType = sourcecode.swift; path = AppDelegate.swift; sourceTree = "<group>"; };
		795406DC1B719186002F6460 /* Base */ = {isa = PBXFileReference; lastKnownFileType = file.storyboard; name = Base; path = Base.lproj/Main.storyboard; sourceTree = "<group>"; };
		795406DE1B719186002F6460 /* Images.xcassets */ = {isa = PBXFileReference; lastKnownFileType = folder.assetcatalog; path = Images.xcassets; sourceTree = "<group>"; };
		795406E11B719186002F6460 /* Base */ = {isa = PBXFileReference; lastKnownFileType = file.xib; name = Base; path = Base.lproj/LaunchScreen.xib; sourceTree = "<group>"; };
		795406EC1B719187002F6460 /* Info.plist */ = {isa = PBXFileReference; lastKnownFileType = text.plist.xml; path = Info.plist; sourceTree = "<group>"; };
		795406ED1B719187002F6460 /* ios_challengeTests.swift */ = {isa = PBXFileReference; lastKnownFileType = sourcecode.swift; path = ios_challengeTests.swift; sourceTree = "<group>"; };
		795406FD1B7192C7002F6460 /* User.swift */ = {isa = PBXFileReference; fileEncoding = 4; lastKnownFileType = sourcecode.swift; path = User.swift; sourceTree = "<group>"; };
		795407011B7192E8002F6460 /* PersonDetailViewController.swift */ = {isa = PBXFileReference; fileEncoding = 4; lastKnownFileType = sourcecode.swift; path = PersonDetailViewController.swift; sourceTree = "<group>"; };
		795407031B7192FB002F6460 /* PersonCell.swift */ = {isa = PBXFileReference; fileEncoding = 4; lastKnownFileType = sourcecode.swift; path = PersonCell.swift; sourceTree = "<group>"; };
		795407051B719327002F6460 /* PersonListViewController.swift */ = {isa = PBXFileReference; fileEncoding = 4; lastKnownFileType = sourcecode.swift; path = PersonListViewController.swift; sourceTree = "<group>"; };
		7954070B1B7276B1002F6460 /* PersonService.swift */ = {isa = PBXFileReference; fileEncoding = 4; lastKnownFileType = sourcecode.swift; path = PersonService.swift; sourceTree = "<group>"; };
		7954070E1B727990002F6460 /* Alamofire.xcodeproj */ = {isa = PBXFileReference; lastKnownFileType = "wrapper.pb-project"; name = Alamofire.xcodeproj; path = Alamofire/Alamofire.xcodeproj; sourceTree = "<group>"; };
		7954072C1B72861B002F6460 /* Location.swift */ = {isa = PBXFileReference; fileEncoding = 4; lastKnownFileType = sourcecode.swift; path = Location.swift; sourceTree = "<group>"; };
		7954072E1B72862B002F6460 /* Name.swift */ = {isa = PBXFileReference; fileEncoding = 4; lastKnownFileType = sourcecode.swift; path = Name.swift; sourceTree = "<group>"; };
		795407301B728636002F6460 /* Picture.swift */ = {isa = PBXFileReference; fileEncoding = 4; lastKnownFileType = sourcecode.swift; path = Picture.swift; sourceTree = "<group>"; };
		795407331B728892002F6460 /* ResponseObjectSerializable.swift */ = {isa = PBXFileReference; fileEncoding = 4; lastKnownFileType = sourcecode.swift; path = ResponseObjectSerializable.swift; sourceTree = "<group>"; };
		795407351B7288DF002F6460 /* ResponseCollectionSerializable.swift */ = {isa = PBXFileReference; fileEncoding = 4; lastKnownFileType = sourcecode.swift; path = ResponseCollectionSerializable.swift; sourceTree = "<group>"; };
		79B490C41B72D6B300CB6618 /* UIImageViewAsync.swift */ = {isa = PBXFileReference; fileEncoding = 4; lastKnownFileType = sourcecode.swift; path = UIImageViewAsync.swift; sourceTree = "<group>"; };
		C65B1859E8549F0C1070FB55 /* Pods_ios_challengeTests.framework */ = {isa = PBXFileReference; explicitFileType = wrapper.framework; includeInIndex = 0; path = Pods_ios_challengeTests.framework; sourceTree = BUILT_PRODUCTS_DIR; };
/* End PBXFileReference section */

/* Begin PBXFrameworksBuildPhase section */
		795406CD1B719186002F6460 /* Frameworks */ = {
			isa = PBXFrameworksBuildPhase;
			buildActionMask = 2147483647;
			files = (
				791668D71B72999D00B12A7F /* SwiftyJSON.framework in Frameworks */,
				795407271B727ABE002F6460 /* Alamofire.framework in Frameworks */,
			);
			runOnlyForDeploymentPostprocessing = 0;
		};
/* End PBXFrameworksBuildPhase section */

/* Begin PBXGroup section */
		06C218CCD69D1B4DF94C47B3 /* Frameworks */ = {
			isa = PBXGroup;
			children = (
				C65B1859E8549F0C1070FB55 /* Pods_ios_challengeTests.framework */,
			);
			name = Frameworks;
			sourceTree = "<group>";
		};
		6F156ED99FBE119D10A6AACF /* Pods */ = {
			isa = PBXGroup;
			children = (
				65B557573569D84F59FA66EC /* Pods-ios-challengeTests.debug.xcconfig */,
				0062876318259A6408B0858D /* Pods-ios-challengeTests.release.xcconfig */,
			);
			name = Pods;
			sourceTree = "<group>";
		};
		791668C61B72992D00B12A7F /* Products */ = {
			isa = PBXGroup;
			children = (
				791668D01B72992D00B12A7F /* SwiftyJSON.framework */,
				791668D21B72992D00B12A7F /* SwiftyJSON iOS Tests.xctest */,
				791668D41B72992D00B12A7F /* SwiftyJSON.framework */,
				791668D61B72992D00B12A7F /* SwiftyJSON OSX Tests.xctest */,
			);
			name = Products;
			sourceTree = "<group>";
		};
		791668E31B72B8AD00B12A7F /* Utils */ = {
			isa = PBXGroup;
			children = (
				791668D91B72B36A00B12A7F /* ENSideMenu.swift */,
				791668DA1B72B36A00B12A7F /* ENSideMenuNavigationController.swift */,
				79B490C41B72D6B300CB6618 /* UIImageViewAsync.swift */,
			);
			path = Utils;
			sourceTree = "<group>";
		};
		791668E81B72C23300B12A7F /* Presenters */ = {
			isa = PBXGroup;
			children = (
				791668E91B72C23D00B12A7F /* PersonPresenter.swift */,
			);
			path = Presenters;
			sourceTree = "<group>";
		};
		791668EB1B72C8C900B12A7F /* VO */ = {
			isa = PBXGroup;
			children = (
				791668EC1B72C8D800B12A7F /* PersonViewObject.swift */,
			);
			path = VO;
			sourceTree = "<group>";
		};
		795406C71B719186002F6460 = {
			isa = PBXGroup;
			children = (
				795406D21B719186002F6460 /* ios-challenge */,
				795406EA1B719187002F6460 /* ios-challengeTests */,
				795406D11B719186002F6460 /* Products */,
				6F156ED99FBE119D10A6AACF /* Pods */,
				06C218CCD69D1B4DF94C47B3 /* Frameworks */,
				791668C51B72992D00B12A7F /* SwiftyJSON.xcodeproj */,
				7954070E1B727990002F6460 /* Alamofire.xcodeproj */,
			);
			sourceTree = "<group>";
		};
		795406D11B719186002F6460 /* Products */ = {
			isa = PBXGroup;
			children = (
				795406D01B719186002F6460 /* ios-challenge.app */,
			);
			name = Products;
			sourceTree = "<group>";
		};
		795406D21B719186002F6460 /* ios-challenge */ = {
			isa = PBXGroup;
			children = (
				795406D51B719186002F6460 /* AppDelegate.swift */,
				795406DB1B719186002F6460 /* Main.storyboard */,
				795406DE1B719186002F6460 /* Images.xcassets */,
				795406E01B719186002F6460 /* LaunchScreen.xib */,
				791668EB1B72C8C900B12A7F /* VO */,
				791668E81B72C23300B12A7F /* Presenters */,
				795407321B728865002F6460 /* Helpers */,
				795406FA1B71927B002F6460 /* Models */,
				795406FB1B71927B002F6460 /* ViewControllers */,
				795406FC1B71927B002F6460 /* Views */,
				7954070A1B72768E002F6460 /* Services */,
				791668E31B72B8AD00B12A7F /* Utils */,
				795406D31B719186002F6460 /* Supporting Files */,
			);
			path = "ios-challenge";
			sourceTree = "<group>";
		};
		795406D31B719186002F6460 /* Supporting Files */ = {
			isa = PBXGroup;
			children = (
				795406D41B719186002F6460 /* Info.plist */,
			);
			name = "Supporting Files";
			sourceTree = "<group>";
		};
		795406EA1B719187002F6460 /* ios-challengeTests */ = {
			isa = PBXGroup;
			children = (
				795406ED1B719187002F6460 /* ios_challengeTests.swift */,
				795406EB1B719187002F6460 /* Supporting Files */,
			);
			path = "ios-challengeTests";
			sourceTree = "<group>";
		};
		795406EB1B719187002F6460 /* Supporting Files */ = {
			isa = PBXGroup;
			children = (
				795406EC1B719187002F6460 /* Info.plist */,
			);
			name = "Supporting Files";
			sourceTree = "<group>";
		};
		795406FA1B71927B002F6460 /* Models */ = {
			isa = PBXGroup;
			children = (
				795406FD1B7192C7002F6460 /* User.swift */,
				7954072C1B72861B002F6460 /* Location.swift */,
				7954072E1B72862B002F6460 /* Name.swift */,
				795407301B728636002F6460 /* Picture.swift */,
			);
			path = Models;
			sourceTree = "<group>";
		};
		795406FB1B71927B002F6460 /* ViewControllers */ = {
			isa = PBXGroup;
			children = (
				795407011B7192E8002F6460 /* PersonDetailViewController.swift */,
				795407051B719327002F6460 /* PersonListViewController.swift */,
				791668DD1B72B3CA00B12A7F /* MenuNavigationController.swift */,
				791668E41B72BA2D00B12A7F /* MenuViewController.swift */,
			);
			path = ViewControllers;
			sourceTree = "<group>";
		};
		795406FC1B71927B002F6460 /* Views */ = {
			isa = PBXGroup;
			children = (
				795407031B7192FB002F6460 /* PersonCell.swift */,
				791668E11B72B88E00B12A7F /* MenuViewController.xib */,
			);
			path = Views;
			sourceTree = "<group>";
		};
		7954070A1B72768E002F6460 /* Services */ = {
			isa = PBXGroup;
			children = (
				7954070B1B7276B1002F6460 /* PersonService.swift */,
			);
			path = Services;
			sourceTree = "<group>";
		};
		7954070F1B727990002F6460 /* Products */ = {
			isa = PBXGroup;
			children = (
				795407161B727990002F6460 /* Alamofire.framework */,
				795407181B727990002F6460 /* Alamofire.framework */,
				7954071A1B727990002F6460 /* Alamofire iOS Tests.xctest */,
				7954071C1B727990002F6460 /* Alamofire OSX Tests.xctest */,
			);
			name = Products;
			sourceTree = "<group>";
		};
		795407321B728865002F6460 /* Helpers */ = {
			isa = PBXGroup;
			children = (
				795407331B728892002F6460 /* ResponseObjectSerializable.swift */,
				795407351B7288DF002F6460 /* ResponseCollectionSerializable.swift */,
			);
			path = Helpers;
			sourceTree = "<group>";
		};
/* End PBXGroup section */

/* Begin PBXNativeTarget section */
		795406CF1B719186002F6460 /* ios-challenge */ = {
			isa = PBXNativeTarget;
			buildConfigurationList = 795406F11B719187002F6460 /* Build configuration list for PBXNativeTarget "ios-challenge" */;
			buildPhases = (
				795406CC1B719186002F6460 /* Sources */,
				795406CD1B719186002F6460 /* Frameworks */,
				795406CE1B719186002F6460 /* Resources */,
				7954072B1B727ABE002F6460 /* Embed Frameworks */,
			);
			buildRules = (
			);
			dependencies = (
				7954072A1B727ABE002F6460 /* PBXTargetDependency */,
			);
			name = "ios-challenge";
			productName = "ios-challenge";
			productReference = 795406D01B719186002F6460 /* ios-challenge.app */;
			productType = "com.apple.product-type.application";
		};
/* End PBXNativeTarget section */

/* Begin PBXProject section */
		795406C81B719186002F6460 /* Project object */ = {
			isa = PBXProject;
			attributes = {
				LastUpgradeCheck = 0630;
				ORGANIZATIONNAME = mobdiq;
				TargetAttributes = {
					795406CF1B719186002F6460 = {
						CreatedOnToolsVersion = 6.3;
					};
				};
			};
			buildConfigurationList = 795406CB1B719186002F6460 /* Build configuration list for PBXProject "ios-challenge" */;
			compatibilityVersion = "Xcode 3.2";
			developmentRegion = English;
			hasScannedForEncodings = 0;
			knownRegions = (
				en,
				Base,
			);
			mainGroup = 795406C71B719186002F6460;
			productRefGroup = 795406D11B719186002F6460 /* Products */;
			projectDirPath = "";
			projectReferences = (
				{
					ProductGroup = 7954070F1B727990002F6460 /* Products */;
					ProjectRef = 7954070E1B727990002F6460 /* Alamofire.xcodeproj */;
				},
				{
					ProductGroup = 791668C61B72992D00B12A7F /* Products */;
					ProjectRef = 791668C51B72992D00B12A7F /* SwiftyJSON.xcodeproj */;
				},
			);
			projectRoot = "";
			targets = (
				795406CF1B719186002F6460 /* ios-challenge */,
			);
		};
/* End PBXProject section */

/* Begin PBXReferenceProxy section */
		791668D01B72992D00B12A7F /* SwiftyJSON.framework */ = {
			isa = PBXReferenceProxy;
			fileType = wrapper.framework;
			path = SwiftyJSON.framework;
			remoteRef = 791668CF1B72992D00B12A7F /* PBXContainerItemProxy */;
			sourceTree = BUILT_PRODUCTS_DIR;
		};
		791668D21B72992D00B12A7F /* SwiftyJSON iOS Tests.xctest */ = {
			isa = PBXReferenceProxy;
			fileType = wrapper.cfbundle;
			path = "SwiftyJSON iOS Tests.xctest";
			remoteRef = 791668D11B72992D00B12A7F /* PBXContainerItemProxy */;
			sourceTree = BUILT_PRODUCTS_DIR;
		};
		791668D41B72992D00B12A7F /* SwiftyJSON.framework */ = {
			isa = PBXReferenceProxy;
			fileType = wrapper.framework;
			path = SwiftyJSON.framework;
			remoteRef = 791668D31B72992D00B12A7F /* PBXContainerItemProxy */;
			sourceTree = BUILT_PRODUCTS_DIR;
		};
		791668D61B72992D00B12A7F /* SwiftyJSON OSX Tests.xctest */ = {
			isa = PBXReferenceProxy;
			fileType = wrapper.cfbundle;
			path = "SwiftyJSON OSX Tests.xctest";
			remoteRef = 791668D51B72992D00B12A7F /* PBXContainerItemProxy */;
			sourceTree = BUILT_PRODUCTS_DIR;
		};
		795407161B727990002F6460 /* Alamofire.framework */ = {
			isa = PBXReferenceProxy;
			fileType = wrapper.framework;
			path = Alamofire.framework;
			remoteRef = 795407151B727990002F6460 /* PBXContainerItemProxy */;
			sourceTree = BUILT_PRODUCTS_DIR;
		};
		795407181B727990002F6460 /* Alamofire.framework */ = {
			isa = PBXReferenceProxy;
			fileType = wrapper.framework;
			path = Alamofire.framework;
			remoteRef = 795407171B727990002F6460 /* PBXContainerItemProxy */;
			sourceTree = BUILT_PRODUCTS_DIR;
		};
		7954071A1B727990002F6460 /* Alamofire iOS Tests.xctest */ = {
			isa = PBXReferenceProxy;
			fileType = wrapper.cfbundle;
			path = "Alamofire iOS Tests.xctest";
			remoteRef = 795407191B727990002F6460 /* PBXContainerItemProxy */;
			sourceTree = BUILT_PRODUCTS_DIR;
		};
		7954071C1B727990002F6460 /* Alamofire OSX Tests.xctest */ = {
			isa = PBXReferenceProxy;
			fileType = wrapper.cfbundle;
			path = "Alamofire OSX Tests.xctest";
			remoteRef = 7954071B1B727990002F6460 /* PBXContainerItemProxy */;
			sourceTree = BUILT_PRODUCTS_DIR;
		};
/* End PBXReferenceProxy section */

/* Begin PBXResourcesBuildPhase section */
		795406CE1B719186002F6460 /* Resources */ = {
			isa = PBXResourcesBuildPhase;
			buildActionMask = 2147483647;
			files = (
				795406DD1B719186002F6460 /* Main.storyboard in Resources */,
				795406E21B719186002F6460 /* LaunchScreen.xib in Resources */,
				795406DF1B719186002F6460 /* Images.xcassets in Resources */,
				791668E21B72B88E00B12A7F /* MenuViewController.xib in Resources */,
			);
			runOnlyForDeploymentPostprocessing = 0;
		};
/* End PBXResourcesBuildPhase section */

/* Begin PBXSourcesBuildPhase section */
		795406CC1B719186002F6460 /* Sources */ = {
			isa = PBXSourcesBuildPhase;
			buildActionMask = 2147483647;
			files = (
				7954070C1B7276B1002F6460 /* PersonService.swift in Sources */,
				791668DE1B72B3CA00B12A7F /* MenuNavigationController.swift in Sources */,
				795407021B7192E8002F6460 /* PersonDetailViewController.swift in Sources */,
				7954072D1B72861B002F6460 /* Location.swift in Sources */,
				791668DB1B72B36A00B12A7F /* ENSideMenu.swift in Sources */,
				795407041B7192FB002F6460 /* PersonCell.swift in Sources */,
				795407061B719327002F6460 /* PersonListViewController.swift in Sources */,
				791668E51B72BA2D00B12A7F /* MenuViewController.swift in Sources */,
				795406FE1B7192C7002F6460 /* User.swift in Sources */,
				795407311B728636002F6460 /* Picture.swift in Sources */,
				791668ED1B72C8D800B12A7F /* PersonViewObject.swift in Sources */,
				7954072F1B72862B002F6460 /* Name.swift in Sources */,
				795406D61B719186002F6460 /* AppDelegate.swift in Sources */,
				791668DC1B72B36A00B12A7F /* ENSideMenuNavigationController.swift in Sources */,
				795407361B7288DF002F6460 /* ResponseCollectionSerializable.swift in Sources */,
				795407341B728892002F6460 /* ResponseObjectSerializable.swift in Sources */,
				791668EA1B72C23D00B12A7F /* PersonPresenter.swift in Sources */,
				79B490C51B72D6B300CB6618 /* UIImageViewAsync.swift in Sources */,
			);
			runOnlyForDeploymentPostprocessing = 0;
		};
/* End PBXSourcesBuildPhase section */

/* Begin PBXTargetDependency section */
		7954072A1B727ABE002F6460 /* PBXTargetDependency */ = {
			isa = PBXTargetDependency;
			name = "Alamofire iOS";
			targetProxy = 795407291B727ABE002F6460 /* PBXContainerItemProxy */;
		};
/* End PBXTargetDependency section */

/* Begin PBXVariantGroup section */
		795406DB1B719186002F6460 /* Main.storyboard */ = {
			isa = PBXVariantGroup;
			children = (
				795406DC1B719186002F6460 /* Base */,
			);
			name = Main.storyboard;
			sourceTree = "<group>";
		};
		795406E01B719186002F6460 /* LaunchScreen.xib */ = {
			isa = PBXVariantGroup;
			children = (
				795406E11B719186002F6460 /* Base */,
			);
			name = LaunchScreen.xib;
			sourceTree = "<group>";
		};
/* End PBXVariantGroup section */

/* Begin XCBuildConfiguration section */
		795406EF1B719187002F6460 /* Debug */ = {
			isa = XCBuildConfiguration;
			buildSettings = {
				ALWAYS_SEARCH_USER_PATHS = NO;
				CLANG_CXX_LANGUAGE_STANDARD = "gnu++0x";
				CLANG_CXX_LIBRARY = "libc++";
				CLANG_ENABLE_MODULES = YES;
				CLANG_ENABLE_OBJC_ARC = YES;
				CLANG_WARN_BOOL_CONVERSION = YES;
				CLANG_WARN_CONSTANT_CONVERSION = YES;
				CLANG_WARN_DIRECT_OBJC_ISA_USAGE = YES_ERROR;
				CLANG_WARN_EMPTY_BODY = YES;
				CLANG_WARN_ENUM_CONVERSION = YES;
				CLANG_WARN_INT_CONVERSION = YES;
				CLANG_WARN_OBJC_ROOT_CLASS = YES_ERROR;
				CLANG_WARN_UNREACHABLE_CODE = YES;
				CLANG_WARN__DUPLICATE_METHOD_MATCH = YES;
				"CODE_SIGN_IDENTITY[sdk=iphoneos*]" = "iPhone Developer";
				COPY_PHASE_STRIP = NO;
				DEBUG_INFORMATION_FORMAT = "dwarf-with-dsym";
				ENABLE_STRICT_OBJC_MSGSEND = YES;
				GCC_C_LANGUAGE_STANDARD = gnu99;
				GCC_DYNAMIC_NO_PIC = NO;
				GCC_NO_COMMON_BLOCKS = YES;
				GCC_OPTIMIZATION_LEVEL = 0;
				GCC_PREPROCESSOR_DEFINITIONS = (
					"DEBUG=1",
					"$(inherited)",
				);
				GCC_SYMBOLS_PRIVATE_EXTERN = NO;
				GCC_WARN_64_TO_32_BIT_CONVERSION = YES;
				GCC_WARN_ABOUT_RETURN_TYPE = YES_ERROR;
				GCC_WARN_UNDECLARED_SELECTOR = YES;
				GCC_WARN_UNINITIALIZED_AUTOS = YES_AGGRESSIVE;
				GCC_WARN_UNUSED_FUNCTION = YES;
				GCC_WARN_UNUSED_VARIABLE = YES;
				IPHONEOS_DEPLOYMENT_TARGET = 8.3;
				MTL_ENABLE_DEBUG_INFO = YES;
				ONLY_ACTIVE_ARCH = YES;
				SDKROOT = iphoneos;
				SWIFT_OPTIMIZATION_LEVEL = "-Onone";
			};
			name = Debug;
		};
		795406F01B719187002F6460 /* Release */ = {
			isa = XCBuildConfiguration;
			buildSettings = {
				ALWAYS_SEARCH_USER_PATHS = NO;
				CLANG_CXX_LANGUAGE_STANDARD = "gnu++0x";
				CLANG_CXX_LIBRARY = "libc++";
				CLANG_ENABLE_MODULES = YES;
				CLANG_ENABLE_OBJC_ARC = YES;
				CLANG_WARN_BOOL_CONVERSION = YES;
				CLANG_WARN_CONSTANT_CONVERSION = YES;
				CLANG_WARN_DIRECT_OBJC_ISA_USAGE = YES_ERROR;
				CLANG_WARN_EMPTY_BODY = YES;
				CLANG_WARN_ENUM_CONVERSION = YES;
				CLANG_WARN_INT_CONVERSION = YES;
				CLANG_WARN_OBJC_ROOT_CLASS = YES_ERROR;
				CLANG_WARN_UNREACHABLE_CODE = YES;
				CLANG_WARN__DUPLICATE_METHOD_MATCH = YES;
				"CODE_SIGN_IDENTITY[sdk=iphoneos*]" = "iPhone Developer";
				COPY_PHASE_STRIP = NO;
				DEBUG_INFORMATION_FORMAT = "dwarf-with-dsym";
				ENABLE_NS_ASSERTIONS = NO;
				ENABLE_STRICT_OBJC_MSGSEND = YES;
				GCC_C_LANGUAGE_STANDARD = gnu99;
				GCC_NO_COMMON_BLOCKS = YES;
				GCC_WARN_64_TO_32_BIT_CONVERSION = YES;
				GCC_WARN_ABOUT_RETURN_TYPE = YES_ERROR;
				GCC_WARN_UNDECLARED_SELECTOR = YES;
				GCC_WARN_UNINITIALIZED_AUTOS = YES_AGGRESSIVE;
				GCC_WARN_UNUSED_FUNCTION = YES;
				GCC_WARN_UNUSED_VARIABLE = YES;
				IPHONEOS_DEPLOYMENT_TARGET = 8.3;
				MTL_ENABLE_DEBUG_INFO = NO;
				SDKROOT = iphoneos;
				VALIDATE_PRODUCT = YES;
			};
			name = Release;
		};
		795406F21B719187002F6460 /* Debug */ = {
			isa = XCBuildConfiguration;
			buildSettings = {
				ASSETCATALOG_COMPILER_APPICON_NAME = AppIcon;
				INFOPLIST_FILE = "ios-challenge/Info.plist";
				IPHONEOS_DEPLOYMENT_TARGET = 8.0;
				LD_RUNPATH_SEARCH_PATHS = "$(inherited) @executable_path/Frameworks";
				PRODUCT_NAME = "$(TARGET_NAME)";
			};
			name = Debug;
		};
		795406F31B719187002F6460 /* Release */ = {
			isa = XCBuildConfiguration;
			buildSettings = {
				ASSETCATALOG_COMPILER_APPICON_NAME = AppIcon;
				INFOPLIST_FILE = "ios-challenge/Info.plist";
				IPHONEOS_DEPLOYMENT_TARGET = 8.0;
				LD_RUNPATH_SEARCH_PATHS = "$(inherited) @executable_path/Frameworks";
				PRODUCT_NAME = "$(TARGET_NAME)";
			};
			name = Release;
		};
/* End XCBuildConfiguration section */

/* Begin XCConfigurationList section */
		795406CB1B719186002F6460 /* Build configuration list for PBXProject "ios-challenge" */ = {
			isa = XCConfigurationList;
			buildConfigurations = (
				795406EF1B719187002F6460 /* Debug */,
				795406F01B719187002F6460 /* Release */,
			);
			defaultConfigurationIsVisible = 0;
			defaultConfigurationName = Release;
		};
		795406F11B719187002F6460 /* Build configuration list for PBXNativeTarget "ios-challenge" */ = {
			isa = XCConfigurationList;
			buildConfigurations = (
				795406F21B719187002F6460 /* Debug */,
				795406F31B719187002F6460 /* Release */,
			);
			defaultConfigurationIsVisible = 0;
			defaultConfigurationName = Release;
		};
/* End XCConfigurationList section */
	};
	rootObject = 795406C81B719186002F6460 /* Project object */;
}
